
Microsoft Visual Studio Solution File, Format Version 12.00
# Visual Studio 15
VisualStudioVersion = 15.0.27703.2035
MinimumVisualStudioVersion = 10.0.40219.1
Project("{9092AA53-FB77-4645-B42D-1CCCA6BD08BD}") = "LetterServer_", "LetterServer_\LetterServer_.njsproj", "{27BD6E21-8B7B-4B4E-84C1-45E1CD3136AD}"
EndProject
Global
	GlobalSection(SolutionConfigurationPlatforms) = preSolution
		Debug|Any CPU = Debug|Any CPU
		Release|Any CPU = Release|Any CPU
	EndGlobalSection
	GlobalSection(ProjectConfigurationPlatforms) = postSolution
		{27BD6E21-8B7B-4B4E-84C1-45E1CD3136AD}.Debug|Any CPU.ActiveCfg = Debug|Any CPU
		{27BD6E21-8B7B-4B4E-84C1-45E1CD3136AD}.Debug|Any CPU.Build.0 = Debug|Any CPU
		{27BD6E21-8B7B-4B4E-84C1-45E1CD3136AD}.Release|Any CPU.ActiveCfg = Release|Any CPU
		{27BD6E21-8B7B-4B4E-84C1-45E1CD3136AD}.Release|Any CPU.Build.0 = Release|Any CPU
	EndGlobalSection
	GlobalSection(SolutionProperties) = preSolution
		HideSolutionNode = FALSE
	EndGlobalSection
	GlobalSection(ExtensibilityGlobals) = postSolution
		SolutionGuid = {01504CD9-A00F-4D65-9372-7664B06A534F}
	EndGlobalSection
EndGlobal
